lockfileVersion: 5.4

specifiers:
  '@tsconfig/node16': ^1.0.3
  '@types/node': ^16
  zod: 3.20.2

devDependencies:
  '@tsconfig/node16': 1.0.3
  '@types/node': 16.18.11
  zod: 3.20.2

packages:

  /@tsconfig/node16/1.0.3:
    resolution: {integrity: sha512-yOlFc+7UtL/89t2ZhjPvvB/DeAr3r+Dq58IgzsFkOAvVC6NMJXmCGjbptdXdR9qsX7pKcTL+s87FtYREi2dEEQ==}
    dev: true

  /@types/node/16.18.11:
    resolution: {integrity: sha512-3oJbGBUWuS6ahSnEq1eN2XrCyf4YsWI8OyCvo7c64zQJNplk3mO84t53o8lfTk+2ji59g5ycfc6qQ3fdHliHuA==}
    dev: true

  /zod/3.20.2:
    resolution: {integrity: sha512-1MzNQdAvO+54H+EaK5YpyEy0T+Ejo/7YLHS93G3RnYWh5gaotGHwGeN/ZO687qEDU2y4CdStQYXVHIgrUl5UVQ==}
    dev: true
