lockfileVersion: '9.0'

settings:
  autoInstallPeers: true
  excludeLinksFromLockfile: false

importers:

  .:
    dependencies:
      zod:
        specifier: ^3.22.4
        version: 3.22.4
      zod-class:
        specifier: file:../../
        version: file:../..(zod@3.22.4)

packages:

  type-fest@4.14.0:
    resolution: {integrity: sha512-on5/Cw89wwqGZQu+yWO0gGMGu8VNxsaW9SB2HE8yJjllEk7IDTwnSN1dUVldYILhYPN5HzD7WAaw2cc/jBfn0Q==}
    engines: {node: '>=16'}

  zod-class@file:../..:
    resolution: {directory: ../.., type: directory}
    peerDependencies:
      zod: ^3

  zod@3.22.4:
    resolution: {integrity: sha512-iC+8Io04lddc+mVqQ9AZ7OQ2MrUKGN+oIQyq1vemgt46jwCwLfhq7/pwnBnNXXXZb8VTVLKwp9EDkx+ryxIWmg==}

snapshots:

  type-fest@4.14.0: {}

  zod-class@file:../..(zod@3.22.4):
    dependencies:
      type-fest: 4.14.0
      zod: 3.22.4

  zod@3.22.4: {}
