lockfileVersion: '6.0'

settings:
  autoInstallPeers: true
  excludeLinksFromLockfile: false

dependencies:
  zod:
    specifier: ^3.22.4
    version: 3.22.4
  zod-class:
    specifier: file:../../
    version: file:../..(zod@3.22.4)

packages:

  /type-fest@4.7.1:
    resolution: {integrity: sha512-iWr8RUmzAJRfhZugX9O7nZE6pCxDU8CZ3QxsLuTnGcBLJpCaP2ll3s4eMTBoFnU/CeXY/5rfQSuAEsTGJO4y8A==}
    engines: {node: '>=16'}
    dev: false

  /zod@3.22.4:
    resolution: {integrity: sha512-iC+8Io04lddc+mVqQ9AZ7OQ2MrUKGN+oIQyq1vemgt46jwCwLfhq7/pwnBnNXXXZb8VTVLKwp9EDkx+ryxIWmg==}
    dev: false

  file:../..(zod@3.22.4):
    resolution: {directory: ../.., type: directory}
    id: file:../..
    name: zod-class
    peerDependencies:
      zod: ^3
    dependencies:
      type-fest: 4.7.1
      zod: 3.22.4
    dev: false
